
Microsoft Visual Studio Solution File, Format Version 12.00
# Visual Studio Version 17
VisualStudioVersion = 17.3.32825.248
MinimumVisualStudioVersion = 10.0.40219.1
Project("{9A19103F-16F7-4668-BE54-9A1E7A4F7556}") = "Receive", "Receive.csproj", "{056B16B4-75D8-48ED-9447-D30180CBBA96}"
EndProject
Global
	GlobalSection(SolutionConfigurationPlatforms) = preSolution
		Debug|Any CPU = Debug|Any CPU
		Release|Any CPU = Release|Any CPU
	EndGlobalSection
	GlobalSection(ProjectConfigurationPlatforms) = postSolution
		{056B16B4-75D8-48ED-9447-D30180CBBA96}.Debug|Any CPU.ActiveCfg = Debug|Any CPU
		{056B16B4-75D8-48ED-9447-D30180CBBA96}.Debug|Any CPU.Build.0 = Debug|Any CPU
		{056B16B4-75D8-48ED-9447-D30180CBBA96}.Release|Any CPU.ActiveCfg = Release|Any CPU
		{056B16B4-75D8-48ED-9447-D30180CBBA96}.Release|Any CPU.Build.0 = Release|Any CPU
	EndGlobalSection
	GlobalSection(SolutionProperties) = preSolution
		HideSolutionNode = FALSE
	EndGlobalSection
	GlobalSection(ExtensibilityGlobals) = postSolution
		SolutionGuid = {5F15546D-2D6F-4B8F-B5AB-AB0D1D0978DD}
	EndGlobalSection
EndGlobal
