
Microsoft Visual Studio Solution File, Format Version 12.00
# Visual Studio Version 17
VisualStudioVersion = 17.3.32825.248
MinimumVisualStudioVersion = 10.0.40219.1
Project("{9A19103F-16F7-4668-BE54-9A1E7A4F7556}") = "Send", "Send.csproj", "{FEBDB21D-140A-4FCD-9252-B841D3CB7B07}"
EndProject
Global
	GlobalSection(SolutionConfigurationPlatforms) = preSolution
		Debug|Any CPU = Debug|Any CPU
		Release|Any CPU = Release|Any CPU
	EndGlobalSection
	GlobalSection(ProjectConfigurationPlatforms) = postSolution
		{FEBDB21D-140A-4FCD-9252-B841D3CB7B07}.Debug|Any CPU.ActiveCfg = Debug|Any CPU
		{FEBDB21D-140A-4FCD-9252-B841D3CB7B07}.Debug|Any CPU.Build.0 = Debug|Any CPU
		{FEBDB21D-140A-4FCD-9252-B841D3CB7B07}.Release|Any CPU.ActiveCfg = Release|Any CPU
		{FEBDB21D-140A-4FCD-9252-B841D3CB7B07}.Release|Any CPU.Build.0 = Release|Any CPU
	EndGlobalSection
	GlobalSection(SolutionProperties) = preSolution
		HideSolutionNode = FALSE
	EndGlobalSection
	GlobalSection(ExtensibilityGlobals) = postSolution
		SolutionGuid = {D17DE755-8C1E-43B7-BD73-9173A1FFFA06}
	EndGlobalSection
EndGlobal
