
Microsoft Visual Studio Solution File, Format Version 12.00
# Visual Studio Version 17
VisualStudioVersion = 17.3.32825.248
MinimumVisualStudioVersion = 10.0.40219.1
Project("{FAE04EC0-301F-11D3-BF4B-00C04F79EFBC}") = "Topic_Publisher", "Topic_Publisher.csproj", "{2D391A1C-D63F-4C06-A779-F4CB3B2DA627}"
EndProject
Global
	GlobalSection(SolutionConfigurationPlatforms) = preSolution
		Debug|Any CPU = Debug|Any CPU
		Release|Any CPU = Release|Any CPU
	EndGlobalSection
	GlobalSection(ProjectConfigurationPlatforms) = postSolution
		{2D391A1C-D63F-4C06-A779-F4CB3B2DA627}.Debug|Any CPU.ActiveCfg = Debug|Any CPU
		{2D391A1C-D63F-4C06-A779-F4CB3B2DA627}.Debug|Any CPU.Build.0 = Debug|Any CPU
		{2D391A1C-D63F-4C06-A779-F4CB3B2DA627}.Release|Any CPU.ActiveCfg = Release|Any CPU
		{2D391A1C-D63F-4C06-A779-F4CB3B2DA627}.Release|Any CPU.Build.0 = Release|Any CPU
	EndGlobalSection
	GlobalSection(SolutionProperties) = preSolution
		HideSolutionNode = FALSE
	EndGlobalSection
	GlobalSection(ExtensibilityGlobals) = postSolution
		SolutionGuid = {9050C263-E3F8-447A-B753-844BE53A5460}
	EndGlobalSection
EndGlobal
